
Microsoft Visual Studio Solution File, Format Version 12.00
# Visual Studio Version 17
VisualStudioVersion = 17.1.32414.318
MinimumVisualStudioVersion = 10.0.40219.1
Project("{FAE04EC0-301F-11D3-BF4B-00C04F79EFBC}") = "055_Check", "055_Check\055_Check.csproj", "{36E108C0-C4DC-4266-9DA4-BE21A7F04E36}"
EndProject
Project("{FAE04EC0-301F-11D3-BF4B-00C04F79EFBC}") = "056_Check", "056_Check\056_Check.csproj", "{CAB69818-739F-4536-8842-241CA48596DE}"
EndProject
Project("{FAE04EC0-301F-11D3-BF4B-00C04F79EFBC}") = "057_Check", "057_Check\057_Check.csproj", "{3BBA208E-C0F6-495A-948A-6670505B756F}"
EndProject
Project("{FAE04EC0-301F-11D3-BF4B-00C04F79EFBC}") = "CheckPoint01", "CheckPoint01\CheckPoint01.csproj", "{1A3455ED-684D-45A5-B17C-88715AB1E4ED}"
EndProject
Project("{FAE04EC0-301F-11D3-BF4B-00C04F79EFBC}") = "MyTestingField", "MyTestingField\MyTestingField.csproj", "{7BD974C9-AEEC-425B-B0A8-DE1F8BA9E2A7}"
EndProject
Project("{FAE04EC0-301F-11D3-BF4B-00C04F79EFBC}") = "067_Check", "067_Check\067_Check.csproj", "{DACEF7E5-9AF0-461B-BF73-DE474C1B0ACE}"
EndProject
Project("{FAE04EC0-301F-11D3-BF4B-00C04F79EFBC}") = "075_Check", "075_Check\075_Check.csproj", "{530E8C40-A029-480A-BA3C-E14A7F1CB579}"
EndProject
Project("{FAE04EC0-301F-11D3-BF4B-00C04F79EFBC}") = "076_Check", "076_Check\076_Check.csproj", "{CB5A35BB-4A6E-4CA3-9694-56E382F74F7F}"
EndProject
Global
	GlobalSection(SolutionConfigurationPlatforms) = preSolution
		Debug|Any CPU = Debug|Any CPU
		Release|Any CPU = Release|Any CPU
	EndGlobalSection
	GlobalSection(ProjectConfigurationPlatforms) = postSolution
		{36E108C0-C4DC-4266-9DA4-BE21A7F04E36}.Debug|Any CPU.ActiveCfg = Debug|Any CPU
		{36E108C0-C4DC-4266-9DA4-BE21A7F04E36}.Debug|Any CPU.Build.0 = Debug|Any CPU
		{36E108C0-C4DC-4266-9DA4-BE21A7F04E36}.Release|Any CPU.ActiveCfg = Release|Any CPU
		{36E108C0-C4DC-4266-9DA4-BE21A7F04E36}.Release|Any CPU.Build.0 = Release|Any CPU
		{CAB69818-739F-4536-8842-241CA48596DE}.Debug|Any CPU.ActiveCfg = Debug|Any CPU
		{CAB69818-739F-4536-8842-241CA48596DE}.Debug|Any CPU.Build.0 = Debug|Any CPU
		{CAB69818-739F-4536-8842-241CA48596DE}.Release|Any CPU.ActiveCfg = Release|Any CPU
		{CAB69818-739F-4536-8842-241CA48596DE}.Release|Any CPU.Build.0 = Release|Any CPU
		{3BBA208E-C0F6-495A-948A-6670505B756F}.Debug|Any CPU.ActiveCfg = Debug|Any CPU
		{3BBA208E-C0F6-495A-948A-6670505B756F}.Debug|Any CPU.Build.0 = Debug|Any CPU
		{3BBA208E-C0F6-495A-948A-6670505B756F}.Release|Any CPU.ActiveCfg = Release|Any CPU
		{3BBA208E-C0F6-495A-948A-6670505B756F}.Release|Any CPU.Build.0 = Release|Any CPU
		{1A3455ED-684D-45A5-B17C-88715AB1E4ED}.Debug|Any CPU.ActiveCfg = Debug|Any CPU
		{1A3455ED-684D-45A5-B17C-88715AB1E4ED}.Debug|Any CPU.Build.0 = Debug|Any CPU
		{1A3455ED-684D-45A5-B17C-88715AB1E4ED}.Release|Any CPU.ActiveCfg = Release|Any CPU
		{1A3455ED-684D-45A5-B17C-88715AB1E4ED}.Release|Any CPU.Build.0 = Release|Any CPU
		{7BD974C9-AEEC-425B-B0A8-DE1F8BA9E2A7}.Debug|Any CPU.ActiveCfg = Debug|Any CPU
		{7BD974C9-AEEC-425B-B0A8-DE1F8BA9E2A7}.Debug|Any CPU.Build.0 = Debug|Any CPU
		{7BD974C9-AEEC-425B-B0A8-DE1F8BA9E2A7}.Release|Any CPU.ActiveCfg = Release|Any CPU
		{7BD974C9-AEEC-425B-B0A8-DE1F8BA9E2A7}.Release|Any CPU.Build.0 = Release|Any CPU
		{DACEF7E5-9AF0-461B-BF73-DE474C1B0ACE}.Debug|Any CPU.ActiveCfg = Debug|Any CPU
		{DACEF7E5-9AF0-461B-BF73-DE474C1B0ACE}.Debug|Any CPU.Build.0 = Debug|Any CPU
		{DACEF7E5-9AF0-461B-BF73-DE474C1B0ACE}.Release|Any CPU.ActiveCfg = Release|Any CPU
		{DACEF7E5-9AF0-461B-BF73-DE474C1B0ACE}.Release|Any CPU.Build.0 = Release|Any CPU
		{530E8C40-A029-480A-BA3C-E14A7F1CB579}.Debug|Any CPU.ActiveCfg = Debug|Any CPU
		{530E8C40-A029-480A-BA3C-E14A7F1CB579}.Debug|Any CPU.Build.0 = Debug|Any CPU
		{530E8C40-A029-480A-BA3C-E14A7F1CB579}.Release|Any CPU.ActiveCfg = Release|Any CPU
		{530E8C40-A029-480A-BA3C-E14A7F1CB579}.Release|Any CPU.Build.0 = Release|Any CPU
		{CB5A35BB-4A6E-4CA3-9694-56E382F74F7F}.Debug|Any CPU.ActiveCfg = Debug|Any CPU
		{CB5A35BB-4A6E-4CA3-9694-56E382F74F7F}.Debug|Any CPU.Build.0 = Debug|Any CPU
		{CB5A35BB-4A6E-4CA3-9694-56E382F74F7F}.Release|Any CPU.ActiveCfg = Release|Any CPU
		{CB5A35BB-4A6E-4CA3-9694-56E382F74F7F}.Release|Any CPU.Build.0 = Release|Any CPU
	EndGlobalSection
	GlobalSection(SolutionProperties) = preSolution
		HideSolutionNode = FALSE
	EndGlobalSection
	GlobalSection(ExtensibilityGlobals) = postSolution
		SolutionGuid = {1D4E6AA7-F028-4F85-ADBC-050D12C200DF}
	EndGlobalSection
EndGlobal
